PODS:
  - Flutter (1.0.0)
  - powersync-sqlite-core (0.4.11)
  - sqlite3 (3.51.1):
    - sqlite3/common (= 3.51.1)
  - sqlite3/common (3.51.1)

DEPENDENCIES:
  - Flutter (from `Flutter`)
  - powersync-sqlite-core (= 0.4.11)
  - sqlite3 (= 3.51.1)

SPEC REPOS:
  trunk:
    - powersync-sqlite-core
    - sqlite3

EXTERNAL SOURCES:
  Flutter:
    :path: Flutter

SPEC CHECKSUMS:
  Flutter: cabc95a1d2626b1b06e7179b784ebcf0c0cde467
  powersync-sqlite-core: aae0128de5f062c8e5a6bc450090ebba0b398222
  sqlite3: 8d708bc63e9f4ce48f0ad9d6269e478c5ced1d9b

PODFILE CHECKSUM: 92d5e56ff051cdff2a1d6cdce7acfbca92751fdd

COCOAPODS: 1.16.2
